
Microsoft Visual Studio Solution File, Format Version 12.00
# Visual Studio Express 2012 for Web
Project("{FAE04EC0-301F-11D3-BF4B-00C04F79EFBC}") = "GameMetrics", "GameMetrics\GameMetrics.csproj", "{78290F86-058F-48A3-B65C-D4562F90FE17}"
EndProject
Global
	GlobalSection(SolutionConfigurationPlatforms) = preSolution
		Debug|Any CPU = Debug|Any CPU
		Release|Any CPU = Release|Any CPU
	EndGlobalSection
	GlobalSection(ProjectConfigurationPlatforms) = postSolution
		{78290F86-058F-48A3-B65C-D4562F90FE17}.Debug|Any CPU.ActiveCfg = Debug|Any CPU
		{78290F86-058F-48A3-B65C-D4562F90FE17}.Debug|Any CPU.Build.0 = Debug|Any CPU
		{78290F86-058F-48A3-B65C-D4562F90FE17}.Release|Any CPU.ActiveCfg = Release|Any CPU
		{78290F86-058F-48A3-B65C-D4562F90FE17}.Release|Any CPU.Build.0 = Release|Any CPU
	EndGlobalSection
	GlobalSection(SolutionProperties) = preSolution
		HideSolutionNode = FALSE
	EndGlobalSection
EndGlobal
